PODS:
  - Alamofire (5.6.2)
  - AlamofireImage (4.2.0):
    - Alamofire (~> 5.4)
  - Amplitude (8.8.0):
    - AnalyticsConnector (~> 1.0.0)
  - AnalyticsConnector (1.0.0)
  - AnyFormatKit (2.5.2)
  - Differentiator (5.0.0)
  - DLRadioButton (1.4.12)
  - DropDown (2.3.13)
  - EasyTipView (2.1.0)
  - Firebase/Analytics (9.3.0):
    - Firebase/Core
  - Firebase/Core (9.3.0):
    - Firebase/CoreOnly
    - FirebaseAnalytics (~> 9.3.0)
  - Firebase/CoreOnly (9.3.0):
    - FirebaseCore (= 9.3.0)
  - Firebase/DynamicLinks (9.3.0):
    - Firebase/CoreOnly
    - FirebaseDynamicLinks (~> 9.3.0)
  - Firebase/Messaging (9.3.0):
    - Firebase/CoreOnly
    - FirebaseMessaging (~> 9.3.0)
  - Firebase/RemoteConfig (9.3.0):
    - Firebase/CoreOnly
    - FirebaseRemoteConfig (~> 9.3.0)
  - FirebaseABTesting (9.3.0):
    - FirebaseCore (~> 9.0)
  - FirebaseAnalytics (9.3.0):
    - FirebaseAnalytics/AdIdSupport (= 9.3.0)
    - FirebaseCore (~> 9.0)
    - FirebaseInstallations (~> 9.0)
    - GoogleUtilities/AppDelegateSwizzler (~> 7.7)
    - GoogleUtilities/MethodSwizzler (~> 7.7)
    - GoogleUtilities/Network (~> 7.7)
    - "GoogleUtilities/NSData+zlib (~> 7.7)"
    - nanopb (< 2.30910.0, >= 2.30908.0)
  - FirebaseAnalytics/AdIdSupport (9.3.0):
    - FirebaseCore (~> 9.0)
    - FirebaseInstallations (~> 9.0)
    - GoogleAppMeasurement (= 9.3.0)
    - GoogleUtilities/AppDelegateSwizzler (~> 7.7)
    - GoogleUtilities/MethodSwizzler (~> 7.7)
    - GoogleUtilities/Network (~> 7.7)
    - "GoogleUtilities/NSData+zlib (~> 7.7)"
    - nanopb (< 2.30910.0, >= 2.30908.0)
  - FirebaseCore (9.3.0):
    - FirebaseCoreDiagnostics (~> 9.0)
    - FirebaseCoreInternal (~> 9.0)
    - GoogleUtilities/Environment (~> 7.7)
    - GoogleUtilities/Logger (~> 7.7)
  - FirebaseCoreDiagnostics (9.3.0):
    - GoogleDataTransport (< 10.0.0, >= 9.1.4)
    - GoogleUtilities/Environment (~> 7.7)
    - GoogleUtilities/Logger (~> 7.7)
    - nanopb (< 2.30910.0, >= 2.30908.0)
  - FirebaseCoreInternal (9.3.0):
    - "GoogleUtilities/NSData+zlib (~> 7.7)"
  - FirebaseCrashlytics (9.3.0):
    - FirebaseCore (~> 9.0)
    - FirebaseInstallations (~> 9.0)
    - GoogleDataTransport (< 10.0.0, >= 9.1.4)
    - GoogleUtilities/Environment (~> 7.7)
    - nanopb (< 2.30910.0, >= 2.30908.0)
    - PromisesObjC (~> 2.1)
  - FirebaseDynamicLinks (9.3.0):
    - FirebaseCore (~> 9.0)
  - FirebaseInstallations (9.3.0):
    - FirebaseCore (~> 9.0)
    - GoogleUtilities/Environment (~> 7.7)
    - GoogleUtilities/UserDefaults (~> 7.7)
    - PromisesObjC (~> 2.1)
  - FirebaseMessaging (9.3.0):
    - FirebaseCore (~> 9.0)
    - FirebaseInstallations (~> 9.0)
    - GoogleDataTransport (< 10.0.0, >= 9.1.4)
    - GoogleUtilities/AppDelegateSwizzler (~> 7.7)
    - GoogleUtilities/Environment (~> 7.7)
    - GoogleUtilities/Reachability (~> 7.7)
    - GoogleUtilities/UserDefaults (~> 7.7)
    - nanopb (< 2.30910.0, >= 2.30908.0)
  - FirebaseRemoteConfig (9.3.0):
    - FirebaseABTesting (~> 9.0)
    - FirebaseCore (~> 9.0)
    - FirebaseInstallations (~> 9.0)
    - GoogleUtilities/Environment (~> 7.7)
    - "GoogleUtilities/NSData+zlib (~> 7.7)"
  - FLAnimatedImage (1.0.16)
  - FSPagerView (0.8.3)
  - GoogleAppMeasurement (9.3.0):
    - GoogleAppMeasurement/AdIdSupport (= 9.3.0)
    - GoogleUtilities/AppDelegateSwizzler (~> 7.7)
    - GoogleUtilities/MethodSwizzler (~> 7.7)
    - GoogleUtilities/Network (~> 7.7)
    - "GoogleUtilities/NSData+zlib (~> 7.7)"
    - nanopb (< 2.30910.0, >= 2.30908.0)
  - GoogleAppMeasurement/AdIdSupport (9.3.0):
    - GoogleAppMeasurement/WithoutAdIdSupport (= 9.3.0)
    - GoogleUtilities/AppDelegateSwizzler (~> 7.7)
    - GoogleUtilities/MethodSwizzler (~> 7.7)
    - GoogleUtilities/Network (~> 7.7)
    - "GoogleUtilities/NSData+zlib (~> 7.7)"
    - nanopb (< 2.30910.0, >= 2.30908.0)
  - GoogleAppMeasurement/WithoutAdIdSupport (9.3.0):
    - GoogleUtilities/AppDelegateSwizzler (~> 7.7)
    - GoogleUtilities/MethodSwizzler (~> 7.7)
    - GoogleUtilities/Network (~> 7.7)
    - "GoogleUtilities/NSData+zlib (~> 7.7)"
    - nanopb (< 2.30910.0, >= 2.30908.0)
  - GoogleDataTransport (9.2.0):
    - GoogleUtilities/Environment (~> 7.7)
    - nanopb (< 2.30910.0, >= 2.30908.0)
    - PromisesObjC (< 3.0, >= 1.2)
  - GoogleUtilities/AppDelegateSwizzler (7.7.0):
    - GoogleUtilities/Environment
    - GoogleUtilities/Logger
    - GoogleUtilities/Network
  - GoogleUtilities/Environment (7.7.0):
    - PromisesObjC (< 3.0, >= 1.2)
  - GoogleUtilities/Logger (7.7.0):
    - GoogleUtilities/Environment
  - GoogleUtilities/MethodSwizzler (7.7.0):
    - GoogleUtilities/Logger
  - GoogleUtilities/Network (7.7.0):
    - GoogleUtilities/Logger
    - "GoogleUtilities/NSData+zlib"
    - GoogleUtilities/Reachability
  - "GoogleUtilities/NSData+zlib (7.7.0)"
  - GoogleUtilities/Reachability (7.7.0):
    - GoogleUtilities/Logger
  - GoogleUtilities/UserDefaults (7.7.0):
    - GoogleUtilities/Logger
  - GRDB.swift (5.11.0):
    - GRDB.swift/standard (= 5.11.0)
  - GRDB.swift/standard (5.11.0)
  - HandyJSON (5.0.2)
  - JJFloatingActionButton (2.5.0)
  - KeychainSwift (13.0.0)
  - M13Checkbox (3.4.0)
  - Material (2.16.4):
    - Material/Core (= 2.16.4)
  - Material/Core (2.16.4):
    - Motion (~> 1.4.3)
  - MaterialComponents/AnimationTiming (124.2.0)
  - MaterialComponents/Availability (124.2.0)
  - MaterialComponents/BottomSheet (124.2.0):
    - MaterialComponents/Elevation
    - MaterialComponents/private/KeyboardWatcher
    - MaterialComponents/private/Math
    - MaterialComponents/ShadowElevations
    - MaterialComponents/ShadowLayer
    - MaterialComponents/ShapeLibrary
    - MaterialComponents/Shapes
  - MaterialComponents/Buttons (124.2.0):
    - MaterialComponents/Elevation
    - MaterialComponents/Ink
    - MaterialComponents/private/Math
    - MaterialComponents/Ripple
    - MaterialComponents/Shadow
    - MaterialComponents/ShadowElevations
    - MaterialComponents/ShadowLayer
    - MaterialComponents/ShapeLibrary
    - MaterialComponents/Shapes
    - MaterialComponents/Typography
    - MDFInternationalization
    - MDFTextAccessibility
  - MaterialComponents/Elevation (124.2.0):
    - MaterialComponents/Availability
    - MaterialComponents/private/Color
    - MaterialComponents/private/Math
  - MaterialComponents/Ink (124.2.0):
    - MaterialComponents/Availability
    - MaterialComponents/private/Color
    - MaterialComponents/private/Math
  - MaterialComponents/OverlayWindow (124.2.0):
    - MaterialComponents/Availability
    - MaterialComponents/private/Application
  - MaterialComponents/private/Application (124.2.0)
  - MaterialComponents/private/Color (124.2.0):
    - MaterialComponents/Availability
  - MaterialComponents/private/KeyboardWatcher (124.2.0):
    - MaterialComponents/private/Application
  - MaterialComponents/private/Math (124.2.0)
  - MaterialComponents/private/Overlay (124.2.0)
  - MaterialComponents/Ripple (124.2.0):
    - MaterialComponents/AnimationTiming
    - MaterialComponents/Availability
    - MaterialComponents/private/Color
    - MaterialComponents/private/Math
  - MaterialComponents/Shadow (124.2.0):
    - MaterialComponents/Availability
  - MaterialComponents/ShadowElevations (124.2.0)
  - MaterialComponents/ShadowLayer (124.2.0):
    - MaterialComponents/ShadowElevations
  - MaterialComponents/ShapeLibrary (124.2.0):
    - MaterialComponents/private/Math
    - MaterialComponents/Shapes
  - MaterialComponents/Shapes (124.2.0):
    - MaterialComponents/private/Color
    - MaterialComponents/private/Math
    - MaterialComponents/ShadowLayer
  - MaterialComponents/Snackbar (124.2.0):
    - MaterialComponents/AnimationTiming
    - MaterialComponents/Availability
    - MaterialComponents/Buttons
    - MaterialComponents/Elevation
    - MaterialComponents/OverlayWindow
    - MaterialComponents/private/Application
    - MaterialComponents/private/KeyboardWatcher
    - MaterialComponents/private/Math
    - MaterialComponents/private/Overlay
    - MaterialComponents/ShadowElevations
    - MaterialComponents/ShadowLayer
    - MaterialComponents/Typography
  - MaterialComponents/Typography (124.2.0):
    - MaterialComponents/private/Application
    - MaterialComponents/private/Math
    - MDFTextAccessibility
  - MDFInternationalization (3.0.0)
  - MDFTextAccessibility (2.0.1)
  - Motion (1.4.3):
    - Motion/Core (= 1.4.3)
  - Motion/Core (1.4.3)
  - nanopb (2.30909.0):
    - nanopb/decode (= 2.30909.0)
    - nanopb/encode (= 2.30909.0)
  - nanopb/decode (2.30909.0)
  - nanopb/encode (2.30909.0)
  - NMapsMap (3.15.0)
  - PanModal (1.2.7)
  - PromisesObjC (2.1.1)
  - ReactorKit (3.2.0):
    - RxSwift (~> 6.0)
    - WeakMapTable (~> 1.1)
  - ReusableKit (3.0.0):
    - ReusableKit/Core (= 3.0.0)
  - ReusableKit/Core (3.0.0)
  - RxAlamofire (6.1.1):
    - RxAlamofire/Core (= 6.1.1)
  - RxAlamofire/Core (6.1.1):
    - Alamofire (~> 5.4)
    - RxSwift (~> 6.0)
  - RxCocoa (6.5.0):
    - RxRelay (= 6.5.0)
    - RxSwift (= 6.5.0)
  - RxCoreLocation (1.5.1):
    - RxCoreLocation/Core (= 1.5.1)
  - RxCoreLocation/Core (1.5.1):
    - RxCocoa (~> 6.0)
    - RxSwift (~> 6.0)
  - RxDataSources (5.0.0):
    - Differentiator (~> 5.0)
    - RxCocoa (~> 6.0)
    - RxSwift (~> 6.0)
  - RxRelay (6.5.0):
    - RxSwift (= 6.5.0)
  - RxSwift (6.5.0)
  - RxViewController (2.0.0):
    - RxCocoa (~> 6.0)
    - RxSwift (~> 6.0)
  - SDWebImage/Core (4.4.8)
  - SDWebImage/GIF (4.4.8):
    - FLAnimatedImage (~> 1.0)
    - SDWebImage/Core
  - SnapKit (5.0.1)
  - SwiftyGif (5.4.3)
  - SwiftyJSON (5.0.1)
  - Then (3.0.0)
  - TTGTagCollectionView (2.1.0)
  - UIImageCropper (1.4.0)
  - WeakMapTable (1.2.0)

DEPENDENCIES:
  - AlamofireImage (~> 4.1)
  - Amplitude (~> 8.8.0)
  - AnyFormatKit
  - DLRadioButton (~> 1.4)
  - DropDown
  - EasyTipView (~> 2.1.0)
  - Firebase/Analytics
  - Firebase/Core
  - Firebase/DynamicLinks
  - Firebase/Messaging
  - Firebase/RemoteConfig
  - FirebaseCrashlytics
  - FSPagerView
  - GRDB.swift (= 5.11.0)
  - HandyJSON
  - JJFloatingActionButton
  - KeychainSwift (~> 13.0)
  - M13Checkbox
  - Material (~> 2.0)
  - MaterialComponents/BottomSheet
  - MaterialComponents/Snackbar
  - NMapsMap
  - PanModal
  - ReactorKit
  - ReusableKit (from `https://github.com/devxoul/ReusableKit`, branch `master`)
  - RxAlamofire
  - RxCocoa (= 6.5.0)
  - RxCoreLocation (from `https://github.com/RxSwiftCommunity/RxCoreLocation.git`, branch `master`)
  - RxDataSources (~> 5.0)
  - RxSwift (= 6.5.0)
  - RxViewController
  - SDWebImage/GIF
  - SnapKit (~> 5.0.0)
  - SwiftyGif
  - SwiftyJSON
  - Then
  - TTGTagCollectionView
  - UIImageCropper

SPEC REPOS:
  https://github.com/CocoaPods/Specs.git:
    - Alamofire
    - AlamofireImage
    - Amplitude
    - AnalyticsConnector
    - AnyFormatKit
    - Differentiator
    - DLRadioButton
    - DropDown
    - EasyTipView
    - Firebase
    - FirebaseABTesting
    - FirebaseAnalytics
    - FirebaseCore
    - FirebaseCoreDiagnostics
    - FirebaseCoreInternal
    - FirebaseCrashlytics
    - FirebaseDynamicLinks
    - FirebaseInstallations
    - FirebaseMessaging
    - FirebaseRemoteConfig
    - FLAnimatedImage
    - FSPagerView
    - GoogleAppMeasurement
    - GoogleDataTransport
    - GoogleUtilities
    - GRDB.swift
    - HandyJSON
    - JJFloatingActionButton
    - KeychainSwift
    - M13Checkbox
    - Material
    - MaterialComponents
    - MDFInternationalization
    - MDFTextAccessibility
    - Motion
    - nanopb
    - NMapsMap
    - PanModal
    - PromisesObjC
    - ReactorKit
    - RxAlamofire
    - RxCocoa
    - RxDataSources
    - RxRelay
    - RxSwift
    - RxViewController
    - SDWebImage
    - SnapKit
    - SwiftyGif
    - SwiftyJSON
    - Then
    - TTGTagCollectionView
    - UIImageCropper
    - WeakMapTable

EXTERNAL SOURCES:
  ReusableKit:
    :branch: master
    :git: https://github.com/devxoul/ReusableKit
  RxCoreLocation:
    :branch: master
    :git: https://github.com/RxSwiftCommunity/RxCoreLocation.git

CHECKOUT OPTIONS:
  ReusableKit:
    :commit: 9a5756ba41f7a864ff0738c21876d52b9e67eec7
    :git: https://github.com/devxoul/ReusableKit
  RxCoreLocation:
    :commit: 8c4b301640e84c258018a82a105678ae287576a7
    :git: https://github.com/RxSwiftCommunity/RxCoreLocation.git

SPEC CHECKSUMS:
  Alamofire: d368e1ff8a298e6dde360e35a3e68e6c610e7204
  AlamofireImage: 34a2d90b0e5fe6a5605f85ae4b7b01e784c60192
  Amplitude: 710116f3539c225e86fb70a8abdcd20015683132
  AnalyticsConnector: 4c386d5972ac9da86e22d668564dbbac97558754
  AnyFormatKit: b0dbb2a5f2fe7a0fc97f401f8a219a47ee63a335
  Differentiator: e8497ceab83c1b10ca233716d547b9af21b9344d
  DLRadioButton: d7c4e225ed0e8013cef7be61455230c7557ad7c1
  DropDown: 8a2116376c1981888557f72ec2ffc9a5e0e456ec
  EasyTipView: a92b6edc377b81c5ac18e9fd35d5ee78e9409488
  Firebase: ef75abb1cdbc746d5a38f4e26c422c807b189b8c
  FirebaseABTesting: d7383da017eff5dc4fccb40987fa76271fd1cdbf
  FirebaseAnalytics: bf46f5163f44097ce2c789de0b3e6f87f1da834a
  FirebaseCore: c088995ece701a021a48a1348ea0174877de2a6a
  FirebaseCoreDiagnostics: 060eb57cc56dfaf40b1b1b5874a5c17c41ce79f8
  FirebaseCoreInternal: 635d1c9a612a6502b6377a0c92af83758076ffff
  FirebaseCrashlytics: 65a5b349e664e986e6c7486b0a9b5ed8c11d0491
  FirebaseDynamicLinks: af0acc2d1fa117a074e84a3c06a1d9f817443490
  FirebaseInstallations: 54b40022cb06e462740c9f2b9fbe38b5e78a825a
  FirebaseMessaging: 2f6e38b6133059eb796ec224104f09379298a8c3
  FirebaseRemoteConfig: 0a644c924b3339bcf3bc3ea253206f171672308e
  FLAnimatedImage: 8f3e854ebf9680b71f0b6e700939687fc4d82b4b
  FSPagerView: 670405b2f18e2a87fa37f20b00de783e562c25a8
  GoogleAppMeasurement: b907bdad775b6975a8108762345b2cfbf1a93c37
  GoogleDataTransport: 1c8145da7117bd68bbbed00cf304edb6a24de00f
  GoogleUtilities: e0913149f6b0625b553d70dae12b49fc62914fd1
  GRDB.swift: 9a33d9680cd3c870c82f48a6cbc73d3cfbb235eb
  HandyJSON: 9e4e236f5d2dbefad5155a77417bbea438201c03
  JJFloatingActionButton: fdc3aefb0f28f04d0f988fa25d5fac97028a9ea7
  KeychainSwift: 23d6c16cbc33f20fafa30c3d783241b4b87d998c
  M13Checkbox: 6f59404540ac98ba83a3d1afac335895a40c6a5d
  Material: 4ed78690b09ffd148b5ffab6b4367fb1d8da1cd3
  MaterialComponents: 1a9b2d9d45b1601ae544de85089adc4c464306d4
  MDFInternationalization: d697c55307816222a55685c4ccb1044ffb030c12
  MDFTextAccessibility: f4bb4cc2194286651b59a215fdeaa0e05dc90ba5
  Motion: 153ba49692997888556c7a95207278a8b1f8be95
  nanopb: b552cce312b6c8484180ef47159bc0f65a1f0431
  NMapsMap: f151761c088d6516064c59da03ab6503769486e6
  PanModal: 3e16ead1a907fb06f4df3f13492fd00149fa4974
  PromisesObjC: ab77feca74fa2823e7af4249b8326368e61014cb
  ReactorKit: e8b11d6b9c415405f381669b095c154a05b59eca
  ReusableKit: 6995fa5f7fedb456889f72ca3f8913d21759a45d
  RxAlamofire: beb75a1c452d0de225651db4903f5d29d034a620
  RxCocoa: 94f817b71c07517321eb4f9ad299112ca8af743b
  RxCoreLocation: 5db05ff830a313466a29e82798d983826b93a2f8
  RxDataSources: aa47cc1ed6c500fa0dfecac5c979b723542d79cf
  RxRelay: 1de1523e604c72b6c68feadedd1af3b1b4d0ecbd
  RxSwift: 5710a9e6b17f3c3d6e40d6e559b9fa1e813b2ef8
  RxViewController: 56486fa0afd629a1d6b5ba077f3b8cd9dc31b5d2
  SDWebImage: 783af2c3fa36291a250030c4752ee370a9a51d13
  SnapKit: 97b92857e3df3a0c71833cce143274bf6ef8e5eb
  SwiftyGif: 6c3eafd0ce693cad58bb63d2b2fb9bacb8552780
  SwiftyJSON: 2f33a42c6fbc52764d96f13368585094bfd8aa5e
  Then: 844265ae87834bbe1147d91d5d41a404da2ec27d
  TTGTagCollectionView: a2a8668c659b39e7a6ffd6590475ea53a7ae95f7
  UIImageCropper: ab1c519018189af90b0780e1c7c9c900945b896e
  WeakMapTable: 05c694ce8439a7a9ebabb56187287a63c57673d6

PODFILE CHECKSUM: 16421180901a9ed19011f92f51494c2d7c35af22

COCOAPODS: 1.11.3
